
Microsoft Visual Studio Solution File, Format Version 12.00
# Visual Studio Version 16
VisualStudioVersion = 16.0.30804.86
MinimumVisualStudioVersion = 10.0.40219.1
Project("{FAE04EC0-301F-11D3-BF4B-00C04F79EFBC}") = "TestApp", "TestApp\TestApp.csproj", "{8384F3EF-5958-4EDC-AC3F-CB3C85708DC5}"
EndProject
Project("{FAE04EC0-301F-11D3-BF4B-00C04F79EFBC}") = "TestApp2", "TestApp2\TestApp2.csproj", "{8B502AD6-30A0-4685-94EB-BF41E8162556}"
EndProject
Project("{E53339B2-1760-4266-BCC7-CA923CBCF16C}") = "docker-compose", "docker-compose.dcproj", "{95C93890-4073-444C-8334-BB568B6BC866}"
EndProject
Global
	GlobalSection(SolutionConfigurationPlatforms) = preSolution
		Debug|Any CPU = Debug|Any CPU
		Release|Any CPU = Release|Any CPU
	EndGlobalSection
	GlobalSection(ProjectConfigurationPlatforms) = postSolution
		{8384F3EF-5958-4EDC-AC3F-CB3C85708DC5}.Debug|Any CPU.ActiveCfg = Debug|Any CPU
		{8384F3EF-5958-4EDC-AC3F-CB3C85708DC5}.Debug|Any CPU.Build.0 = Debug|Any CPU
		{8384F3EF-5958-4EDC-AC3F-CB3C85708DC5}.Release|Any CPU.ActiveCfg = Release|Any CPU
		{8384F3EF-5958-4EDC-AC3F-CB3C85708DC5}.Release|Any CPU.Build.0 = Release|Any CPU
		{8B502AD6-30A0-4685-94EB-BF41E8162556}.Debug|Any CPU.ActiveCfg = Debug|Any CPU
		{8B502AD6-30A0-4685-94EB-BF41E8162556}.Debug|Any CPU.Build.0 = Debug|Any CPU
		{8B502AD6-30A0-4685-94EB-BF41E8162556}.Release|Any CPU.ActiveCfg = Release|Any CPU
		{8B502AD6-30A0-4685-94EB-BF41E8162556}.Release|Any CPU.Build.0 = Release|Any CPU
		{95C93890-4073-444C-8334-BB568B6BC866}.Debug|Any CPU.ActiveCfg = Debug|Any CPU
		{95C93890-4073-444C-8334-BB568B6BC866}.Debug|Any CPU.Build.0 = Debug|Any CPU
		{95C93890-4073-444C-8334-BB568B6BC866}.Release|Any CPU.ActiveCfg = Release|Any CPU
		{95C93890-4073-444C-8334-BB568B6BC866}.Release|Any CPU.Build.0 = Release|Any CPU
	EndGlobalSection
	GlobalSection(SolutionProperties) = preSolution
		HideSolutionNode = FALSE
	EndGlobalSection
	GlobalSection(ExtensibilityGlobals) = postSolution
		SolutionGuid = {8D925BD8-B5DD-48A6-9DF1-95EB3C427A27}
	EndGlobalSection
EndGlobal
